// !$*UTF8*$!
{
	archiveVersion = 1;
	classes = {
	};
	objectVersion = 46;
	objects = {

/* Begin PBXBuildFile section */
		04353A70181D803E00EE1E3F /* Comic Sans MS Bold.ttf in Resources */ = {isa = PBXBuildFile; fileRef = 04353A6E181D803E00EE1E3F /* Comic Sans MS Bold.ttf */; };
		04353A71181D803E00EE1E3F /* Comic Sans MS.ttf in Resources */ = {isa = PBXBuildFile; fileRef = 04353A6F181D803E00EE1E3F /* Comic Sans MS.ttf */; };
		04353A7A181DB81800EE1E3F /* SecondViewController.m in Sources */ = {isa = PBXBuildFile; fileRef = 04353A79181DB81800EE1E3F /* SecondViewController.m */; };
		04353A7D181DBE7400EE1E3F /* checkIcon@2x.png in Resources */ = {isa = PBXBuildFile; fileRef = 04353A7B181DBE7400EE1E3F /* checkIcon@2x.png */; };
		04353A7E181DBE7400EE1E3F /* crossIcon@2x.png in Resources */ = {isa = PBXBuildFile; fileRef = 04353A7C181DBE7400EE1E3F /* crossIcon@2x.png */; };
		45256C73181D89200008F632 /* space.jpg in Resources */ = {isa = PBXBuildFile; fileRef = 45256C72181D89200008F632 /* space.jpg */; };
		45256C75181D8AAC0008F632 /* shibeNormal.png in Resources */ = {isa = PBXBuildFile; fileRef = 45256C74181D8AAC0008F632 /* shibeNormal.png */; };
		45256C7C181D8ECD0008F632 /* appIcon60x60@2x.png in Resources */ = {isa = PBXBuildFile; fileRef = 45256C76181D8ECD0008F632 /* appIcon60x60@2x.png */; };
		45256C7D181D8ECD0008F632 /* appIcon40x40@2x.png in Resources */ = {isa = PBXBuildFile; fileRef = 45256C77181D8ECD0008F632 /* appIcon40x40@2x.png */; };
		45256C7E181D8ECD0008F632 /* appIcon29x29@2x.png in Resources */ = {isa = PBXBuildFile; fileRef = 45256C78181D8ECD0008F632 /* appIcon29x29@2x.png */; };
		45256C7F181D8ECD0008F632 /* appIcon60x60.png in Resources */ = {isa = PBXBuildFile; fileRef = 45256C79181D8ECD0008F632 /* appIcon60x60.png */; };
		45256C80181D8ECD0008F632 /* appIcon40x40.png in Resources */ = {isa = PBXBuildFile; fileRef = 45256C7A181D8ECD0008F632 /* appIcon40x40.png */; };
		45256C81181D8ECD0008F632 /* appIcon29x29.png in Resources */ = {isa = PBXBuildFile; fileRef = 45256C7B181D8ECD0008F632 /* appIcon29x29.png */; };
		45256C83181DC1980008F632 /* frame.png in Resources */ = {isa = PBXBuildFile; fileRef = 45256C82181DC1980008F632 /* frame.png */; };
		45DAB217181D532F0029EE4A /* Foundation.framework in Frameworks */ = {isa = PBXBuildFile; fileRef = 45DAB216181D532F0029EE4A /* Foundation.framework */; };
		45DAB219181D532F0029EE4A /* CoreGraphics.framework in Frameworks */ = {isa = PBXBuildFile; fileRef = 45DAB218181D532F0029EE4A /* CoreGraphics.framework */; };
		45DAB21B181D532F0029EE4A /* UIKit.framework in Frameworks */ = {isa = PBXBuildFile; fileRef = 45DAB21A181D532F0029EE4A /* UIKit.framework */; };
		45DAB221181D532F0029EE4A /* InfoPlist.strings in Resources */ = {isa = PBXBuildFile; fileRef = 45DAB21F181D532F0029EE4A /* InfoPlist.strings */; };
		45DAB223181D532F0029EE4A /* main.m in Sources */ = {isa = PBXBuildFile; fileRef = 45DAB222181D532F0029EE4A /* main.m */; };
		45DAB227181D532F0029EE4A /* MainAppDelegate.m in Sources */ = {isa = PBXBuildFile; fileRef = 45DAB226181D532F0029EE4A /* MainAppDelegate.m */; };
		45DAB22A181D532F0029EE4A /* Main.storyboard in Resources */ = {isa = PBXBuildFile; fileRef = 45DAB228181D532F0029EE4A /* Main.storyboard */; };
		45DAB22D181D532F0029EE4A /* MainViewController.m in Sources */ = {isa = PBXBuildFile; fileRef = 45DAB22C181D532F0029EE4A /* MainViewController.m */; };
		45DAB22F181D532F0029EE4A /* Images.xcassets in Resources */ = {isa = PBXBuildFile; fileRef = 45DAB22E181D532F0029EE4A /* Images.xcassets */; };
		45DAB236181D532F0029EE4A /* XCTest.framework in Frameworks */ = {isa = PBXBuildFile; fileRef = 45DAB235181D532F0029EE4A /* XCTest.framework */; };
		45DAB237181D532F0029EE4A /* Foundation.framework in Frameworks */ = {isa = PBXBuildFile; fileRef = 45DAB216181D532F0029EE4A /* Foundation.framework */; };
		45DAB238181D532F0029EE4A /* UIKit.framework in Frameworks */ = {isa = PBXBuildFile; fileRef = 45DAB21A181D532F0029EE4A /* UIKit.framework */; };
		45DAB240181D532F0029EE4A /* InfoPlist.strings in Resources */ = {isa = PBXBuildFile; fileRef = 45DAB23E181D532F0029EE4A /* InfoPlist.strings */; };
		45DAB242181D532F0029EE4A /* Shibe_DogeTests.m in Sources */ = {isa = PBXBuildFile; fileRef = 45DAB241181D532F0029EE4A /* Shibe_DogeTests.m */; };
/* End PBXBuildFile section */

/* Begin PBXContainerItemProxy section */
		45DAB239181D532F0029EE4A /* PBXContainerItemProxy */ = {
			isa = PBXContainerItemProxy;
			containerPortal = 45DAB20B181D532F0029EE4A /* Project object */;
			proxyType = 1;
			remoteGlobalIDString = 45DAB212181D532F0029EE4A;
			remoteInfo = "Shibe Doge";
		};
/* End PBXContainerItemProxy section */

/* Begin PBXFileReference section */
		04353A6E181D803E00EE1E3F /* Comic Sans MS Bold.ttf */ = {isa = PBXFileReference; lastKnownFileType = file; path = "Comic Sans MS Bold.ttf"; sourceTree = "<group>"; };
		04353A6F181D803E00EE1E3F /* Comic Sans MS.ttf */ = {isa = PBXFileReference; lastKnownFileType = file; path = "Comic Sans MS.ttf"; sourceTree = "<group>"; };
		04353A78181DB81800EE1E3F /* SecondViewController.h */ = {isa = PBXFileReference; fileEncoding = 4; lastKnownFileType = sourcecode.c.h; path = SecondViewController.h; sourceTree = "<group>"; };
		04353A79181DB81800EE1E3F /* SecondViewController.m */ = {isa = PBXFileReference; fileEncoding = 4; lastKnownFileType = sourcecode.c.objc; path = SecondViewController.m; sourceTree = "<group>"; };
		04353A7B181DBE7400EE1E3F /* checkIcon@2x.png */ = {isa = PBXFileReference; lastKnownFileType = image.png; name = "checkIcon@2x.png"; path = "suchImagefolder/checkIcon@2x.png"; sourceTree = "<group>"; };
		04353A7C181DBE7400EE1E3F /* crossIcon@2x.png */ = {isa = PBXFileReference; lastKnownFileType = image.png; name = "crossIcon@2x.png"; path = "suchImagefolder/crossIcon@2x.png"; sourceTree = "<group>"; };
		45256C72181D89200008F632 /* space.jpg */ = {isa = PBXFileReference; lastKnownFileType = image.jpeg; name = space.jpg; path = suchImagefolder/space.jpg; sourceTree = "<group>"; };
		45256C74181D8AAC0008F632 /* shibeNormal.png */ = {isa = PBXFileReference; lastKnownFileType = image.png; name = shibeNormal.png; path = suchImagefolder/shibeNormal.png; sourceTree = "<group>"; };
		45256C76181D8ECD0008F632 /* appIcon60x60@2x.png */ = {isa = PBXFileReference; lastKnownFileType = image.png; path = "appIcon60x60@2x.png"; sourceTree = "<group>"; };
		45256C77181D8ECD0008F632 /* appIcon40x40@2x.png */ = {isa = PBXFileReference; lastKnownFileType = image.png; path = "appIcon40x40@2x.png"; sourceTree = "<group>"; };
		45256C78181D8ECD0008F632 /* appIcon29x29@2x.png */ = {isa = PBXFileReference; lastKnownFileType = image.png; path = "appIcon29x29@2x.png"; sourceTree = "<group>"; };
		45256C79181D8ECD0008F632 /* appIcon60x60.png */ = {isa = PBXFileReference; lastKnownFileType = image.png; path = appIcon60x60.png; sourceTree = "<group>"; };
		45256C7A181D8ECD0008F632 /* appIcon40x40.png */ = {isa = PBXFileReference; lastKnownFileType = image.png; path = appIcon40x40.png; sourceTree = "<group>"; };
		45256C7B181D8ECD0008F632 /* appIcon29x29.png */ = {isa = PBXFileReference; lastKnownFileType = image.png; path = appIcon29x29.png; sourceTree = "<group>"; };
		45256C82181DC1980008F632 /* frame.png */ = {isa = PBXFileReference; lastKnownFileType = image.png; name = frame.png; path = suchImagefolder/frame.png; sourceTree = "<group>"; };
		45DAB213181D532F0029EE4A /* Shibe Doge.app */ = {isa = PBXFileReference; explicitFileType = wrapper.application; includeInIndex = 0; path = "Shibe Doge.app"; sourceTree = BUILT_PRODUCTS_DIR; };
		45DAB216181D532F0029EE4A /* Foundation.framework */ = {isa = PBXFileReference; lastKnownFileType = wrapper.framework; name = Foundation.framework; path = System/Library/Frameworks/Foundation.framework; sourceTree = SDKROOT; };
		45DAB218181D532F0029EE4A /* CoreGraphics.framework */ = {isa = PBXFileReference; lastKnownFileType = wrapper.framework; name = CoreGraphics.framework; path = System/Library/Frameworks/CoreGraphics.framework; sourceTree = SDKROOT; };
		45DAB21A181D532F0029EE4A /* UIKit.framework */ = {isa = PBXFileReference; lastKnownFileType = wrapper.framework; name = UIKit.framework; path = System/Library/Frameworks/UIKit.framework; sourceTree = SDKROOT; };
		45DAB21E181D532F0029EE4A /* Shibe Doge-Info.plist */ = {isa = PBXFileReference; lastKnownFileType = text.plist.xml; path = "Shibe Doge-Info.plist"; sourceTree = "<group>"; };
		45DAB220181D532F0029EE4A /* en */ = {isa = PBXFileReference; lastKnownFileType = text.plist.strings; name = en; path = en.lproj/InfoPlist.strings; sourceTree = "<group>"; };
		45DAB222181D532F0029EE4A /* main.m */ = {isa = PBXFileReference; lastKnownFileType = sourcecode.c.objc; path = main.m; sourceTree = "<group>"; };
		45DAB224181D532F0029EE4A /* Shibe Doge-Prefix.pch */ = {isa = PBXFileReference; lastKnownFileType = sourcecode.c.h; path = "Shibe Doge-Prefix.pch"; sourceTree = "<group>"; };
		45DAB225181D532F0029EE4A /* MainAppDelegate.h */ = {isa = PBXFileReference; lastKnownFileType = sourcecode.c.h; path = MainAppDelegate.h; sourceTree = "<group>"; };
		45DAB226181D532F0029EE4A /* MainAppDelegate.m */ = {isa = PBXFileReference; lastKnownFileType = sourcecode.c.objc; path = MainAppDelegate.m; sourceTree = "<group>"; };
		45DAB229181D532F0029EE4A /* Base */ = {isa = PBXFileReference; lastKnownFileType = file.storyboard; name = Base; path = Base.lproj/Main.storyboard; sourceTree = "<group>"; };
		45DAB22B181D532F0029EE4A /* MainViewController.h */ = {isa = PBXFileReference; lastKnownFileType = sourcecode.c.h; path = MainViewController.h; sourceTree = "<group>"; };
		45DAB22C181D532F0029EE4A /* MainViewController.m */ = {isa = PBXFileReference; lastKnownFileType = sourcecode.c.objc; path = MainViewController.m; sourceTree = "<group>"; };
		45DAB22E181D532F0029EE4A /* Images.xcassets */ = {isa = PBXFileReference; lastKnownFileType = folder.assetcatalog; path = Images.xcassets; sourceTree = "<group>"; };
		45DAB234181D532F0029EE4A /* Shibe DogeTests.xctest */ = {isa = PBXFileReference; explicitFileType = wrapper.cfbundle; includeInIndex = 0; path = "Shibe DogeTests.xctest"; sourceTree = BUILT_PRODUCTS_DIR; };
		45DAB235181D532F0029EE4A /* XCTest.framework */ = {isa = PBXFileReference; lastKnownFileType = wrapper.framework; name = XCTest.framework; path = Library/Frameworks/XCTest.framework; sourceTree = DEVELOPER_DIR; };
		45DAB23D181D532F0029EE4A /* Shibe DogeTests-Info.plist */ = {isa = PBXFileReference; lastKnownFileType = text.plist.xml; path = "Shibe DogeTests-Info.plist"; sourceTree = "<group>"; };
		45DAB23F181D532F0029EE4A /* en */ = {isa = PBXFileReference; lastKnownFileType = text.plist.strings; name = en; path = en.lproj/InfoPlist.strings; sourceTree = "<group>"; };
		45DAB241181D532F0029EE4A /* Shibe_DogeTests.m */ = {isa = PBXFileReference; lastKnownFileType = sourcecode.c.objc; path = Shibe_DogeTests.m; sourceTree = "<group>"; };
/* End PBXFileReference section */

/* Begin PBXFrameworksBuildPhase section */
		45DAB210181D532F0029EE4A /* Frameworks */ = {
			isa = PBXFrameworksBuildPhase;
			buildActionMask = 2147483647;
			files = (
				45DAB219181D532F0029EE4A /* CoreGraphics.framework in Frameworks */,
				45DAB21B181D532F0029EE4A /* UIKit.framework in Frameworks */,
				45DAB217181D532F0029EE4A /* Foundation.framework in Frameworks */,
			);
			runOnlyForDeploymentPostprocessing = 0;
		};
		45DAB231181D532F0029EE4A /* Frameworks */ = {
			isa = PBXFrameworksBuildPhase;
			buildActionMask = 2147483647;
			files = (
				45DAB236181D532F0029EE4A /* XCTest.framework in Frameworks */,
				45DAB238181D532F0029EE4A /* UIKit.framework in Frameworks */,
				45DAB237181D532F0029EE4A /* Foundation.framework in Frameworks */,
			);
			runOnlyForDeploymentPostprocessing = 0;
		};
/* End PBXFrameworksBuildPhase section */

/* Begin PBXGroup section */
		45DAB20A181D532F0029EE4A = {
			isa = PBXGroup;
			children = (
				45DAB21C181D532F0029EE4A /* Shibe Doge */,
				45DAB23B181D532F0029EE4A /* Shibe DogeTests */,
				45DAB215181D532F0029EE4A /* Frameworks */,
				45DAB214181D532F0029EE4A /* Products */,
			);
			sourceTree = "<group>";
		};
		45DAB214181D532F0029EE4A /* Products */ = {
			isa = PBXGroup;
			children = (
				45DAB213181D532F0029EE4A /* Shibe Doge.app */,
				45DAB234181D532F0029EE4A /* Shibe DogeTests.xctest */,
			);
			name = Products;
			sourceTree = "<group>";
		};
		45DAB215181D532F0029EE4A /* Frameworks */ = {
			isa = PBXGroup;
			children = (
				45DAB216181D532F0029EE4A /* Foundation.framework */,
				45DAB218181D532F0029EE4A /* CoreGraphics.framework */,
				45DAB21A181D532F0029EE4A /* UIKit.framework */,
				45DAB235181D532F0029EE4A /* XCTest.framework */,
			);
			name = Frameworks;
			sourceTree = "<group>";
		};
		45DAB21C181D532F0029EE4A /* Shibe Doge */ = {
			isa = PBXGroup;
			children = (
				45DAB225181D532F0029EE4A /* MainAppDelegate.h */,
				45DAB226181D532F0029EE4A /* MainAppDelegate.m */,
				45DAB228181D532F0029EE4A /* Main.storyboard */,
				45DAB22B181D532F0029EE4A /* MainViewController.h */,
				45DAB22C181D532F0029EE4A /* MainViewController.m */,
				04353A78181DB81800EE1E3F /* SecondViewController.h */,
				04353A79181DB81800EE1E3F /* SecondViewController.m */,
				04353A6E181D803E00EE1E3F /* Comic Sans MS Bold.ttf */,
				04353A6F181D803E00EE1E3F /* Comic Sans MS.ttf */,
				45DAB22E181D532F0029EE4A /* Images.xcassets */,
				45DAB21D181D532F0029EE4A /* Supporting Files */,
			);
			path = "Shibe Doge";
			sourceTree = "<group>";
		};
		45DAB21D181D532F0029EE4A /* Supporting Files */ = {
			isa = PBXGroup;
			children = (
				45256C82181DC1980008F632 /* frame.png */,
				04353A7B181DBE7400EE1E3F /* checkIcon@2x.png */,
				04353A7C181DBE7400EE1E3F /* crossIcon@2x.png */,
				45256C76181D8ECD0008F632 /* appIcon60x60@2x.png */,
				45256C77181D8ECD0008F632 /* appIcon40x40@2x.png */,
				45256C78181D8ECD0008F632 /* appIcon29x29@2x.png */,
				45256C79181D8ECD0008F632 /* appIcon60x60.png */,
				45256C7A181D8ECD0008F632 /* appIcon40x40.png */,
				45256C7B181D8ECD0008F632 /* appIcon29x29.png */,
				45256C74181D8AAC0008F632 /* shibeNormal.png */,
				45256C72181D89200008F632 /* space.jpg */,
				45DAB21E181D532F0029EE4A /* Shibe Doge-Info.plist */,
				45DAB21F181D532F0029EE4A /* InfoPlist.strings */,
				45DAB222181D532F0029EE4A /* main.m */,
				45DAB224181D532F0029EE4A /* Shibe Doge-Prefix.pch */,
			);
			name = "Supporting Files";
			sourceTree = "<group>";
		};
		45DAB23B181D532F0029EE4A /* Shibe DogeTests */ = {
			isa = PBXGroup;
			children = (
				45DAB241181D532F0029EE4A /* Shibe_DogeTests.m */,
				45DAB23C181D532F0029EE4A /* Supporting Files */,
			);
			path = "Shibe DogeTests";
			sourceTree = "<group>";
		};
		45DAB23C181D532F0029EE4A /* Supporting Files */ = {
			isa = PBXGroup;
			children = (
				45DAB23D181D532F0029EE4A /* Shibe DogeTests-Info.plist */,
				45DAB23E181D532F0029EE4A /* InfoPlist.strings */,
			);
			name = "Supporting Files";
			sourceTree = "<group>";
		};
/* End PBXGroup section */

/* Begin PBXNativeTarget section */
		45DAB212181D532F0029EE4A /* Shibe Doge */ = {
			isa = PBXNativeTarget;
			buildConfigurationList = 45DAB245181D532F0029EE4A /* Build configuration list for PBXNativeTarget "Shibe Doge" */;
			buildPhases = (
				45DAB20F181D532F0029EE4A /* Sources */,
				45DAB210181D532F0029EE4A /* Frameworks */,
				45DAB211181D532F0029EE4A /* Resources */,
			);
			buildRules = (
			);
			dependencies = (
			);
			name = "Shibe Doge";
			productName = "Shibe Doge";
			productReference = 45DAB213181D532F0029EE4A /* Shibe Doge.app */;
			productType = "com.apple.product-type.application";
		};
		45DAB233181D532F0029EE4A /* Shibe DogeTests */ = {
			isa = PBXNativeTarget;
			buildConfigurationList = 45DAB248181D532F0029EE4A /* Build configuration list for PBXNativeTarget "Shibe DogeTests" */;
			buildPhases = (
				45DAB230181D532F0029EE4A /* Sources */,
				45DAB231181D532F0029EE4A /* Frameworks */,
				45DAB232181D532F0029EE4A /* Resources */,
			);
			buildRules = (
			);
			dependencies = (
				45DAB23A181D532F0029EE4A /* PBXTargetDependency */,
			);
			name = "Shibe DogeTests";
			productName = "Shibe DogeTests";
			productReference = 45DAB234181D532F0029EE4A /* Shibe DogeTests.xctest */;
			productType = "com.apple.product-type.bundle.unit-test";
		};
/* End PBXNativeTarget section */

/* Begin PBXProject section */
		45DAB20B181D532F0029EE4A /* Project object */ = {
			isa = PBXProject;
			attributes = {
				CLASSPREFIX = Main;
				LastUpgradeCheck = 0500;
				ORGANIZATIONNAME = "Sebastian Andreasson Apps";
				TargetAttributes = {
					45DAB233181D532F0029EE4A = {
						TestTargetID = 45DAB212181D532F0029EE4A;
					};
				};
			};
			buildConfigurationList = 45DAB20E181D532F0029EE4A /* Build configuration list for PBXProject "Shibe Doge" */;
			compatibilityVersion = "Xcode 3.2";
			developmentRegion = English;
			hasScannedForEncodings = 0;
			knownRegions = (
				en,
				Base,
			);
			mainGroup = 45DAB20A181D532F0029EE4A;
			productRefGroup = 45DAB214181D532F0029EE4A /* Products */;
			projectDirPath = "";
			projectRoot = "";
			targets = (
				45DAB212181D532F0029EE4A /* Shibe Doge */,
				45DAB233181D532F0029EE4A /* Shibe DogeTests */,
			);
		};
/* End PBXProject section */

/* Begin PBXResourcesBuildPhase section */
		45DAB211181D532F0029EE4A /* Resources */ = {
			isa = PBXResourcesBuildPhase;
			buildActionMask = 2147483647;
			files = (
				45256C81181D8ECD0008F632 /* appIcon29x29.png in Resources */,
				45DAB22F181D532F0029EE4A /* Images.xcassets in Resources */,
				45256C75181D8AAC0008F632 /* shibeNormal.png in Resources */,
				04353A71181D803E00EE1E3F /* Comic Sans MS.ttf in Resources */,
				45DAB221181D532F0029EE4A /* InfoPlist.strings in Resources */,
				45DAB22A181D532F0029EE4A /* Main.storyboard in Resources */,
				04353A7D181DBE7400EE1E3F /* checkIcon@2x.png in Resources */,
				45256C83181DC1980008F632 /* frame.png in Resources */,
				04353A7E181DBE7400EE1E3F /* crossIcon@2x.png in Resources */,
				45256C80181D8ECD0008F632 /* appIcon40x40.png in Resources */,
				04353A70181D803E00EE1E3F /* Comic Sans MS Bold.ttf in Resources */,
				45256C7E181D8ECD0008F632 /* appIcon29x29@2x.png in Resources */,
				45256C7C181D8ECD0008F632 /* appIcon60x60@2x.png in Resources */,
				45256C7D181D8ECD0008F632 /* appIcon40x40@2x.png in Resources */,
				45256C7F181D8ECD0008F632 /* appIcon60x60.png in Resources */,
				45256C73181D89200008F632 /* space.jpg in Resources */,
			);
			runOnlyForDeploymentPostprocessing = 0;
		};
		45DAB232181D532F0029EE4A /* Resources */ = {
			isa = PBXResourcesBuildPhase;
			buildActionMask = 2147483647;
			files = (
				45DAB240181D532F0029EE4A /* InfoPlist.strings in Resources */,
			);
			runOnlyForDeploymentPostprocessing = 0;
		};
/* End PBXResourcesBuildPhase section */

/* Begin PBXSourcesBuildPhase section */
		45DAB20F181D532F0029EE4A /* Sources */ = {
			isa = PBXSourcesBuildPhase;
			buildActionMask = 2147483647;
			files = (
				04353A7A181DB81800EE1E3F /* SecondViewController.m in Sources */,
				45DAB223181D532F0029EE4A /* main.m in Sources */,
				45DAB22D181D532F0029EE4A /* MainViewController.m in Sources */,
				45DAB227181D532F0029EE4A /* MainAppDelegate.m in Sources */,
			);
			runOnlyForDeploymentPostprocessing = 0;
		};
		45DAB230181D532F0029EE4A /* Sources */ = {
			isa = PBXSourcesBuildPhase;
			buildActionMask = 2147483647;
			files = (
				45DAB242181D532F0029EE4A /* Shibe_DogeTests.m in Sources */,
			);
			runOnlyForDeploymentPostprocessing = 0;
		};
/* End PBXSourcesBuildPhase section */

/* Begin PBXTargetDependency section */
		45DAB23A181D532F0029EE4A /* PBXTargetDependency */ = {
			isa = PBXTargetDependency;
			target = 45DAB212181D532F0029EE4A /* Shibe Doge */;
			targetProxy = 45DAB239181D532F0029EE4A /* PBXContainerItemProxy */;
		};
/* End PBXTargetDependency section */

/* Begin PBXVariantGroup section */
		45DAB21F181D532F0029EE4A /* InfoPlist.strings */ = {
			isa = PBXVariantGroup;
			children = (
				45DAB220181D532F0029EE4A /* en */,
			);
			name = InfoPlist.strings;
			sourceTree = "<group>";
		};
		45DAB228181D532F0029EE4A /* Main.storyboard */ = {
			isa = PBXVariantGroup;
			children = (
				45DAB229181D532F0029EE4A /* Base */,
			);
			name = Main.storyboard;
			sourceTree = "<group>";
		};
		45DAB23E181D532F0029EE4A /* InfoPlist.strings */ = {
			isa = PBXVariantGroup;
			children = (
				45DAB23F181D532F0029EE4A /* en */,
			);
			name = InfoPlist.strings;
			sourceTree = "<group>";
		};
/* End PBXVariantGroup section */

/* Begin XCBuildConfiguration section */
		45DAB243181D532F0029EE4A /* Debug */ = {
			isa = XCBuildConfiguration;
			buildSettings = {
				ALWAYS_SEARCH_USER_PATHS = NO;
				ARCHS = "$(ARCHS_STANDARD_INCLUDING_64_BIT)";
				CLANG_CXX_LANGUAGE_STANDARD = "gnu++0x";
				CLANG_CXX_LIBRARY = "libc++";
				CLANG_ENABLE_MODULES = YES;
				CLANG_ENABLE_OBJC_ARC = YES;
				CLANG_WARN_BOOL_CONVERSION = YES;
				CLANG_WARN_CONSTANT_CONVERSION = YES;
				CLANG_WARN_DIRECT_OBJC_ISA_USAGE = YES_ERROR;
				CLANG_WARN_EMPTY_BODY = YES;
				CLANG_WARN_ENUM_CONVERSION = YES;
				CLANG_WARN_INT_CONVERSION = YES;
				CLANG_WARN_OBJC_ROOT_CLASS = YES_ERROR;
				CLANG_WARN__DUPLICATE_METHOD_MATCH = YES;
				"CODE_SIGN_IDENTITY[sdk=iphoneos*]" = "iPhone Developer";
				COPY_PHASE_STRIP = NO;
				GCC_C_LANGUAGE_STANDARD = gnu99;
				GCC_DYNAMIC_NO_PIC = NO;
				GCC_OPTIMIZATION_LEVEL = 0;
				GCC_PREPROCESSOR_DEFINITIONS = (
					"DEBUG=1",
					"$(inherited)",
				);
				GCC_SYMBOLS_PRIVATE_EXTERN = NO;
				GCC_WARN_64_TO_32_BIT_CONVERSION = YES;
				GCC_WARN_ABOUT_RETURN_TYPE = YES_ERROR;
				GCC_WARN_UNDECLARED_SELECTOR = YES;
				GCC_WARN_UNINITIALIZED_AUTOS = YES;
				GCC_WARN_UNUSED_FUNCTION = YES;
				GCC_WARN_UNUSED_VARIABLE = YES;
				IPHONEOS_DEPLOYMENT_TARGET = 7.0;
				ONLY_ACTIVE_ARCH = YES;
				SDKROOT = iphoneos;
			};
			name = Debug;
		};
		45DAB244181D532F0029EE4A /* Release */ = {
			isa = XCBuildConfiguration;
			buildSettings = {
				ALWAYS_SEARCH_USER_PATHS = NO;
				ARCHS = "$(ARCHS_STANDARD_INCLUDING_64_BIT)";
				CLANG_CXX_LANGUAGE_STANDARD = "gnu++0x";
				CLANG_CXX_LIBRARY = "libc++";
				CLANG_ENABLE_MODULES = YES;
				CLANG_ENABLE_OBJC_ARC = YES;
				CLANG_WARN_BOOL_CONVERSION = YES;
				CLANG_WARN_CONSTANT_CONVERSION = YES;
				CLANG_WARN_DIRECT_OBJC_ISA_USAGE = YES_ERROR;
				CLANG_WARN_EMPTY_BODY = YES;
				CLANG_WARN_ENUM_CONVERSION = YES;
				CLANG_WARN_INT_CONVERSION = YES;
				CLANG_WARN_OBJC_ROOT_CLASS = YES_ERROR;
				CLANG_WARN__DUPLICATE_METHOD_MATCH = YES;
				"CODE_SIGN_IDENTITY[sdk=iphoneos*]" = "iPhone Developer";
				COPY_PHASE_STRIP = YES;
				ENABLE_NS_ASSERTIONS = NO;
				GCC_C_LANGUAGE_STANDARD = gnu99;
				GCC_WARN_64_TO_32_BIT_CONVERSION = YES;
				GCC_WARN_ABOUT_RETURN_TYPE = YES_ERROR;
				GCC_WARN_UNDECLARED_SELECTOR = YES;
				GCC_WARN_UNINITIALIZED_AUTOS = YES;
				GCC_WARN_UNUSED_FUNCTION = YES;
				GCC_WARN_UNUSED_VARIABLE = YES;
				IPHONEOS_DEPLOYMENT_TARGET = 7.0;
				SDKROOT = iphoneos;
				VALIDATE_PRODUCT = YES;
			};
			name = Release;
		};
		45DAB246181D532F0029EE4A /* Debug */ = {
			isa = XCBuildConfiguration;
			buildSettings = {
				ASSETCATALOG_COMPILER_APPICON_NAME = AppIcon;
				ASSETCATALOG_COMPILER_LAUNCHIMAGE_NAME = LaunchImage;
				GCC_PRECOMPILE_PREFIX_HEADER = YES;
				GCC_PREFIX_HEADER = "Shibe Doge/Shibe Doge-Prefix.pch";
				INFOPLIST_FILE = "Shibe Doge/Shibe Doge-Info.plist";
				PRODUCT_NAME = "$(TARGET_NAME)";
				WRAPPER_EXTENSION = app;
			};
			name = Debug;
		};
		45DAB247181D532F0029EE4A /* Release */ = {
			isa = XCBuildConfiguration;
			buildSettings = {
				ASSETCATALOG_COMPILER_APPICON_NAME = AppIcon;
				ASSETCATALOG_COMPILER_LAUNCHIMAGE_NAME = LaunchImage;
				GCC_PRECOMPILE_PREFIX_HEADER = YES;
				GCC_PREFIX_HEADER = "Shibe Doge/Shibe Doge-Prefix.pch";
				INFOPLIST_FILE = "Shibe Doge/Shibe Doge-Info.plist";
				PRODUCT_NAME = "$(TARGET_NAME)";
				WRAPPER_EXTENSION = app;
			};
			name = Release;
		};
		45DAB249181D532F0029EE4A /* Debug */ = {
			isa = XCBuildConfiguration;
			buildSettings = {
				ARCHS = "$(ARCHS_STANDARD_INCLUDING_64_BIT)";
				BUNDLE_LOADER = "$(BUILT_PRODUCTS_DIR)/Shibe Doge.app/Shibe Doge";
				FRAMEWORK_SEARCH_PATHS = (
					"$(SDKROOT)/Developer/Library/Frameworks",
					"$(inherited)",
					"$(DEVELOPER_FRAMEWORKS_DIR)",
				);
				GCC_PRECOMPILE_PREFIX_HEADER = YES;
				GCC_PREFIX_HEADER = "Shibe Doge/Shibe Doge-Prefix.pch";
				GCC_PREPROCESSOR_DEFINITIONS = (
					"DEBUG=1",
					"$(inherited)",
				);
				INFOPLIST_FILE = "Shibe DogeTests/Shibe DogeTests-Info.plist";
				PRODUCT_NAME = "$(TARGET_NAME)";
				TEST_HOST = "$(BUNDLE_LOADER)";
				WRAPPER_EXTENSION = xctest;
			};
			name = Debug;
		};
		45DAB24A181D532F0029EE4A /* Release */ = {
			isa = XCBuildConfiguration;
			buildSettings = {
				ARCHS = "$(ARCHS_STANDARD_INCLUDING_64_BIT)";
				BUNDLE_LOADER = "$(BUILT_PRODUCTS_DIR)/Shibe Doge.app/Shibe Doge";
				FRAMEWORK_SEARCH_PATHS = (
					"$(SDKROOT)/Developer/Library/Frameworks",
					"$(inherited)",
					"$(DEVELOPER_FRAMEWORKS_DIR)",
				);
				GCC_PRECOMPILE_PREFIX_HEADER = YES;
				GCC_PREFIX_HEADER = "Shibe Doge/Shibe Doge-Prefix.pch";
				INFOPLIST_FILE = "Shibe DogeTests/Shibe DogeTests-Info.plist";
				PRODUCT_NAME = "$(TARGET_NAME)";
				TEST_HOST = "$(BUNDLE_LOADER)";
				WRAPPER_EXTENSION = xctest;
			};
			name = Release;
		};
/* End XCBuildConfiguration section */

/* Begin XCConfigurationList section */
		45DAB20E181D532F0029EE4A /* Build configuration list for PBXProject "Shibe Doge" */ = {
			isa = XCConfigurationList;
			buildConfigurations = (
				45DAB243181D532F0029EE4A /* Debug */,
				45DAB244181D532F0029EE4A /* Release */,
			);
			defaultConfigurationIsVisible = 0;
			defaultConfigurationName = Release;
		};
		45DAB245181D532F0029EE4A /* Build configuration list for PBXNativeTarget "Shibe Doge" */ = {
			isa = XCConfigurationList;
			buildConfigurations = (
				45DAB246181D532F0029EE4A /* Debug */,
				45DAB247181D532F0029EE4A /* Release */,
			);
			defaultConfigurationIsVisible = 0;
			defaultConfigurationName = Release;
		};
		45DAB248181D532F0029EE4A /* Build configuration list for PBXNativeTarget "Shibe DogeTests" */ = {
			isa = XCConfigurationList;
			buildConfigurations = (
				45DAB249181D532F0029EE4A /* Debug */,
				45DAB24A181D532F0029EE4A /* Release */,
			);
			defaultConfigurationIsVisible = 0;
			defaultConfigurationName = Release;
		};
/* End XCConfigurationList section */
	};
	rootObject = 45DAB20B181D532F0029EE4A /* Project object */;
}
